// !$*UTF8*$!
{
	archiveVersion = 1;
	classes = {
	};
	objectVersion = 56;
	objects = {

/* Begin PBXBuildFile section */
		AE22B7562A345F3700044CCF /* AttributedStringBuilderView.swift in Sources */ = {isa = PBXBuildFile; fileRef = AE22B7552A345F3700044CCF /* AttributedStringBuilderView.swift */; };
		AE22B7582A34854800044CCF /* ViewBuilderView.swift in Sources */ = {isa = PBXBuildFile; fileRef = AE22B7572A34854800044CCF /* ViewBuilderView.swift */; };
		AE22B75A2A3486CD00044CCF /* AttributedString+Modfiers.swift in Sources */ = {isa = PBXBuildFile; fileRef = AE22B7592A3486CD00044CCF /* AttributedString+Modfiers.swift */; };
		AE22B75C2A348C7000044CCF /* String+Modifiers.swift in Sources */ = {isa = PBXBuildFile; fileRef = AE22B75B2A348C7000044CCF /* String+Modifiers.swift */; };
		AE3EA0512A344A2000F39920 /* ViewBuilderResearchApp.swift in Sources */ = {isa = PBXBuildFile; fileRef = AE3EA0502A344A2000F39920 /* ViewBuilderResearchApp.swift */; };
		AE3EA0532A344A2000F39920 /* ContentView.swift in Sources */ = {isa = PBXBuildFile; fileRef = AE3EA0522A344A2000F39920 /* ContentView.swift */; };
		AE3EA0552A344A2100F39920 /* Assets.xcassets in Resources */ = {isa = PBXBuildFile; fileRef = AE3EA0542A344A2100F39920 /* Assets.xcassets */; };
		AE3EA0582A344A2100F39920 /* Preview Assets.xcassets in Resources */ = {isa = PBXBuildFile; fileRef = AE3EA0572A344A2100F39920 /* Preview Assets.xcassets */; };
/* End PBXBuildFile section */

/* Begin PBXFileReference section */
		AE22B7542A345B4900044CCF /* ResultBuilder.playground */ = {isa = PBXFileReference; lastKnownFileType = file.playground; path = ResultBuilder.playground; sourceTree = "<group>"; xcLanguageSpecificationIdentifier = xcode.lang.swift; };
		AE22B7552A345F3700044CCF /* AttributedStringBuilderView.swift */ = {isa = PBXFileReference; lastKnownFileType = sourcecode.swift; path = AttributedStringBuilderView.swift; sourceTree = "<group>"; };
		AE22B7572A34854800044CCF /* ViewBuilderView.swift */ = {isa = PBXFileReference; lastKnownFileType = sourcecode.swift; path = ViewBuilderView.swift; sourceTree = "<group>"; };
		AE22B7592A3486CD00044CCF /* AttributedString+Modfiers.swift */ = {isa = PBXFileReference; lastKnownFileType = sourcecode.swift; path = "AttributedString+Modfiers.swift"; sourceTree = "<group>"; };
		AE22B75B2A348C7000044CCF /* String+Modifiers.swift */ = {isa = PBXFileReference; lastKnownFileType = sourcecode.swift; path = "String+Modifiers.swift"; sourceTree = "<group>"; };
		AE3EA04D2A344A2000F39920 /* ViewBuilderResearch.app */ = {isa = PBXFileReference; explicitFileType = wrapper.application; includeInIndex = 0; path = ViewBuilderResearch.app; sourceTree = BUILT_PRODUCTS_DIR; };
		AE3EA0502A344A2000F39920 /* ViewBuilderResearchApp.swift */ = {isa = PBXFileReference; lastKnownFileType = sourcecode.swift; path = ViewBuilderResearchApp.swift; sourceTree = "<group>"; };
		AE3EA0522A344A2000F39920 /* ContentView.swift */ = {isa = PBXFileReference; lastKnownFileType = sourcecode.swift; path = ContentView.swift; sourceTree = "<group>"; };
		AE3EA0542A344A2100F39920 /* Assets.xcassets */ = {isa = PBXFileReference; lastKnownFileType = folder.assetcatalog; path = Assets.xcassets; sourceTree = "<group>"; };
		AE3EA0572A344A2100F39920 /* Preview Assets.xcassets */ = {isa = PBXFileReference; lastKnownFileType = folder.assetcatalog; path = "Preview Assets.xcassets"; sourceTree = "<group>"; };
/* End PBXFileReference section */

/* Begin PBXFrameworksBuildPhase section */
		AE3EA04A2A344A2000F39920 /* Frameworks */ = {
			isa = PBXFrameworksBuildPhase;
			buildActionMask = 2147483647;
			files = (
			);
			runOnlyForDeploymentPostprocessing = 0;
		};
/* End PBXFrameworksBuildPhase section */

/* Begin PBXGroup section */
		AE22B75D2A348CE500044CCF /* Extensions */ = {
			isa = PBXGroup;
			children = (
				AE22B7592A3486CD00044CCF /* AttributedString+Modfiers.swift */,
				AE22B75B2A348C7000044CCF /* String+Modifiers.swift */,
			);
			path = Extensions;
			sourceTree = "<group>";
		};
		AE3EA0442A344A2000F39920 = {
			isa = PBXGroup;
			children = (
				AE22B7542A345B4900044CCF /* ResultBuilder.playground */,
				AE3EA04F2A344A2000F39920 /* ViewBuilderResearch */,
				AE3EA04E2A344A2000F39920 /* Products */,
			);
			sourceTree = "<group>";
		};
		AE3EA04E2A344A2000F39920 /* Products */ = {
			isa = PBXGroup;
			children = (
				AE3EA04D2A344A2000F39920 /* ViewBuilderResearch.app */,
			);
			name = Products;
			sourceTree = "<group>";
		};
		AE3EA04F2A344A2000F39920 /* ViewBuilderResearch */ = {
			isa = PBXGroup;
			children = (
				AE3EA0502A344A2000F39920 /* ViewBuilderResearchApp.swift */,
				AE3EA0522A344A2000F39920 /* ContentView.swift */,
				AE22B7572A34854800044CCF /* ViewBuilderView.swift */,
				AE22B7552A345F3700044CCF /* AttributedStringBuilderView.swift */,
				AE22B75D2A348CE500044CCF /* Extensions */,
				AE3EA0542A344A2100F39920 /* Assets.xcassets */,
				AE3EA0562A344A2100F39920 /* Preview Content */,
			);
			path = ViewBuilderResearch;
			sourceTree = "<group>";
		};
		AE3EA0562A344A2100F39920 /* Preview Content */ = {
			isa = PBXGroup;
			children = (
				AE3EA0572A344A2100F39920 /* Preview Assets.xcassets */,
			);
			path = "Preview Content";
			sourceTree = "<group>";
		};
/* End PBXGroup section */

/* Begin PBXNativeTarget section */
		AE3EA04C2A344A2000F39920 /* ViewBuilderResearch */ = {
			isa = PBXNativeTarget;
			buildConfigurationList = AE3EA05B2A344A2100F39920 /* Build configuration list for PBXNativeTarget "ViewBuilderResearch" */;
			buildPhases = (
				AE3EA0492A344A2000F39920 /* Sources */,
				AE3EA04A2A344A2000F39920 /* Frameworks */,
				AE3EA04B2A344A2000F39920 /* Resources */,
			);
			buildRules = (
			);
			dependencies = (
			);
			name = ViewBuilderResearch;
			productName = ViewBuilderResearch;
			productReference = AE3EA04D2A344A2000F39920 /* ViewBuilderResearch.app */;
			productType = "com.apple.product-type.application";
		};
/* End PBXNativeTarget section */

/* Begin PBXProject section */
		AE3EA0452A344A2000F39920 /* Project object */ = {
			isa = PBXProject;
			attributes = {
				BuildIndependentTargetsInParallel = 1;
				LastSwiftUpdateCheck = 1430;
				LastUpgradeCheck = 1430;
				TargetAttributes = {
					AE3EA04C2A344A2000F39920 = {
						CreatedOnToolsVersion = 14.3;
					};
				};
			};
			buildConfigurationList = AE3EA0482A344A2000F39920 /* Build configuration list for PBXProject "ViewBuilderResearch" */;
			compatibilityVersion = "Xcode 14.0";
			developmentRegion = en;
			hasScannedForEncodings = 0;
			knownRegions = (
				en,
				Base,
			);
			mainGroup = AE3EA0442A344A2000F39920;
			productRefGroup = AE3EA04E2A344A2000F39920 /* Products */;
			projectDirPath = "";
			projectRoot = "";
			targets = (
				AE3EA04C2A344A2000F39920 /* ViewBuilderResearch */,
			);
		};
/* End PBXProject section */

/* Begin PBXResourcesBuildPhase section */
		AE3EA04B2A344A2000F39920 /* Resources */ = {
			isa = PBXResourcesBuildPhase;
			buildActionMask = 2147483647;
			files = (
				AE3EA0582A344A2100F39920 /* Preview Assets.xcassets in Resources */,
				AE3EA0552A344A2100F39920 /* Assets.xcassets in Resources */,
			);
			runOnlyForDeploymentPostprocessing = 0;
		};
/* End PBXResourcesBuildPhase section */

/* Begin PBXSourcesBuildPhase section */
		AE3EA0492A344A2000F39920 /* Sources */ = {
			isa = PBXSourcesBuildPhase;
			buildActionMask = 2147483647;
			files = (
				AE22B75A2A3486CD00044CCF /* AttributedString+Modfiers.swift in Sources */,
				AE3EA0532A344A2000F39920 /* ContentView.swift in Sources */,
				AE22B7582A34854800044CCF /* ViewBuilderView.swift in Sources */,
				AE22B75C2A348C7000044CCF /* String+Modifiers.swift in Sources */,
				AE22B7562A345F3700044CCF /* AttributedStringBuilderView.swift in Sources */,
				AE3EA0512A344A2000F39920 /* ViewBuilderResearchApp.swift in Sources */,
			);
			runOnlyForDeploymentPostprocessing = 0;
		};
/* End PBXSourcesBuildPhase section */

/* Begin XCBuildConfiguration section */
		AE3EA0592A344A2100F39920 /* Debug */ = {
			isa = XCBuildConfiguration;
			buildSettings = {
				ALWAYS_SEARCH_USER_PATHS = NO;
				CLANG_ANALYZER_NONNULL = YES;
				CLANG_ANALYZER_NUMBER_OBJECT_CONVERSION = YES_AGGRESSIVE;
				CLANG_CXX_LANGUAGE_STANDARD = "gnu++20";
				CLANG_ENABLE_MODULES = YES;
				CLANG_ENABLE_OBJC_ARC = YES;
				CLANG_ENABLE_OBJC_WEAK = YES;
				CLANG_WARN_BLOCK_CAPTURE_AUTORELEASING = YES;
				CLANG_WARN_BOOL_CONVERSION = YES;
				CLANG_WARN_COMMA = YES;
				CLANG_WARN_CONSTANT_CONVERSION = YES;
				CLANG_WARN_DEPRECATED_OBJC_IMPLEMENTATIONS = YES;
				CLANG_WARN_DIRECT_OBJC_ISA_USAGE = YES_ERROR;
				CLANG_WARN_DOCUMENTATION_COMMENTS = YES;
				CLANG_WARN_EMPTY_BODY = YES;
				CLANG_WARN_ENUM_CONVERSION = YES;
				CLANG_WARN_INFINITE_RECURSION = YES;
				CLANG_WARN_INT_CONVERSION = YES;
				CLANG_WARN_NON_LITERAL_NULL_CONVERSION = YES;
				CLANG_WARN_OBJC_IMPLICIT_RETAIN_SELF = YES;
				CLANG_WARN_OBJC_LITERAL_CONVERSION = YES;
				CLANG_WARN_OBJC_ROOT_CLASS = YES_ERROR;
				CLANG_WARN_QUOTED_INCLUDE_IN_FRAMEWORK_HEADER = YES;
				CLANG_WARN_RANGE_LOOP_ANALYSIS = YES;
				CLANG_WARN_STRICT_PROTOTYPES = YES;
				CLANG_WARN_SUSPICIOUS_MOVE = YES;
				CLANG_WARN_UNGUARDED_AVAILABILITY = YES_AGGRESSIVE;
				CLANG_WARN_UNREACHABLE_CODE = YES;
				CLANG_WARN__DUPLICATE_METHOD_MATCH = YES;
				COPY_PHASE_STRIP = NO;
				DEBUG_INFORMATION_FORMAT = dwarf;
				ENABLE_STRICT_OBJC_MSGSEND = YES;
				ENABLE_TESTABILITY = YES;
				GCC_C_LANGUAGE_STANDARD = gnu11;
				GCC_DYNAMIC_NO_PIC = NO;
				GCC_NO_COMMON_BLOCKS = YES;
				GCC_OPTIMIZATION_LEVEL = 0;
				GCC_PREPROCESSOR_DEFINITIONS = (
					"DEBUG=1",
					"$(inherited)",
				);
				GCC_WARN_64_TO_32_BIT_CONVERSION = YES;
				GCC_WARN_ABOUT_RETURN_TYPE = YES_ERROR;
				GCC_WARN_UNDECLARED_SELECTOR = YES;
				GCC_WARN_UNINITIALIZED_AUTOS = YES_AGGRESSIVE;
				GCC_WARN_UNUSED_FUNCTION = YES;
				GCC_WARN_UNUSED_VARIABLE = YES;
				IPHONEOS_DEPLOYMENT_TARGET = 16.4;
				MTL_ENABLE_DEBUG_INFO = INCLUDE_SOURCE;
				MTL_FAST_MATH = YES;
				ONLY_ACTIVE_ARCH = YES;
				SDKROOT = iphoneos;
				SWIFT_ACTIVE_COMPILATION_CONDITIONS = DEBUG;
				SWIFT_OPTIMIZATION_LEVEL = "-Onone";
			};
			name = Debug;
		};
		AE3EA05A2A344A2100F39920 /* Release */ = {
			isa = XCBuildConfiguration;
			buildSettings = {
				ALWAYS_SEARCH_USER_PATHS = NO;
				CLANG_ANALYZER_NONNULL = YES;
				CLANG_ANALYZER_NUMBER_OBJECT_CONVERSION = YES_AGGRESSIVE;
				CLANG_CXX_LANGUAGE_STANDARD = "gnu++20";
				CLANG_ENABLE_MODULES = YES;
				CLANG_ENABLE_OBJC_ARC = YES;
				CLANG_ENABLE_OBJC_WEAK = YES;
				CLANG_WARN_BLOCK_CAPTURE_AUTORELEASING = YES;
				CLANG_WARN_BOOL_CONVERSION = YES;
				CLANG_WARN_COMMA = YES;
				CLANG_WARN_CONSTANT_CONVERSION = YES;
				CLANG_WARN_DEPRECATED_OBJC_IMPLEMENTATIONS = YES;
				CLANG_WARN_DIRECT_OBJC_ISA_USAGE = YES_ERROR;
				CLANG_WARN_DOCUMENTATION_COMMENTS = YES;
				CLANG_WARN_EMPTY_BODY = YES;
				CLANG_WARN_ENUM_CONVERSION = YES;
				CLANG_WARN_INFINITE_RECURSION = YES;
				CLANG_WARN_INT_CONVERSION = YES;
				CLANG_WARN_NON_LITERAL_NULL_CONVERSION = YES;
				CLANG_WARN_OBJC_IMPLICIT_RETAIN_SELF = YES;
				CLANG_WARN_OBJC_LITERAL_CONVERSION = YES;
				CLANG_WARN_OBJC_ROOT_CLASS = YES_ERROR;
				CLANG_WARN_QUOTED_INCLUDE_IN_FRAMEWORK_HEADER = YES;
				CLANG_WARN_RANGE_LOOP_ANALYSIS = YES;
				CLANG_WARN_STRICT_PROTOTYPES = YES;
				CLANG_WARN_SUSPICIOUS_MOVE = YES;
				CLANG_WARN_UNGUARDED_AVAILABILITY = YES_AGGRESSIVE;
				CLANG_WARN_UNREACHABLE_CODE = YES;
				CLANG_WARN__DUPLICATE_METHOD_MATCH = YES;
				COPY_PHASE_STRIP = NO;
				DEBUG_INFORMATION_FORMAT = "dwarf-with-dsym";
				ENABLE_NS_ASSERTIONS = NO;
				ENABLE_STRICT_OBJC_MSGSEND = YES;
				GCC_C_LANGUAGE_STANDARD = gnu11;
				GCC_NO_COMMON_BLOCKS = YES;
				GCC_WARN_64_TO_32_BIT_CONVERSION = YES;
				GCC_WARN_ABOUT_RETURN_TYPE = YES_ERROR;
				GCC_WARN_UNDECLARED_SELECTOR = YES;
				GCC_WARN_UNINITIALIZED_AUTOS = YES_AGGRESSIVE;
				GCC_WARN_UNUSED_FUNCTION = YES;
				GCC_WARN_UNUSED_VARIABLE = YES;
				IPHONEOS_DEPLOYMENT_TARGET = 16.4;
				MTL_ENABLE_DEBUG_INFO = NO;
				MTL_FAST_MATH = YES;
				SDKROOT = iphoneos;
				SWIFT_COMPILATION_MODE = wholemodule;
				SWIFT_OPTIMIZATION_LEVEL = "-O";
				VALIDATE_PRODUCT = YES;
			};
			name = Release;
		};
		AE3EA05C2A344A2100F39920 /* Debug */ = {
			isa = XCBuildConfiguration;
			buildSettings = {
				ASSETCATALOG_COMPILER_APPICON_NAME = AppIcon;
				ASSETCATALOG_COMPILER_GLOBAL_ACCENT_COLOR_NAME = AccentColor;
				CODE_SIGN_STYLE = Automatic;
				CURRENT_PROJECT_VERSION = 1;
				DEVELOPMENT_ASSET_PATHS = "\"ViewBuilderResearch/Preview Content\"";
				DEVELOPMENT_TEAM = G2GXLBS9Z3;
				ENABLE_PREVIEWS = YES;
				GENERATE_INFOPLIST_FILE = YES;
				INFOPLIST_KEY_UIApplicationSceneManifest_Generation = YES;
				INFOPLIST_KEY_UIApplicationSupportsIndirectInputEvents = YES;
				INFOPLIST_KEY_UILaunchScreen_Generation = YES;
				INFOPLIST_KEY_UISupportedInterfaceOrientations_iPad = "UIInterfaceOrientationPortrait UIInterfaceOrientationPortraitUpsideDown UIInterfaceOrientationLandscapeLeft UIInterfaceOrientationLandscapeRight";
				INFOPLIST_KEY_UISupportedInterfaceOrientations_iPhone = "UIInterfaceOrientationPortrait UIInterfaceOrientationLandscapeLeft UIInterfaceOrientationLandscapeRight";
				LD_RUNPATH_SEARCH_PATHS = (
					"$(inherited)",
					"@executable_path/Frameworks",
				);
				MARKETING_VERSION = 1.0;
				PRODUCT_BUNDLE_IDENTIFIER = com.kyeoeol.ViewBuilderResearch;
				PRODUCT_NAME = "$(TARGET_NAME)";
				SWIFT_EMIT_LOC_STRINGS = YES;
				SWIFT_VERSION = 5.0;
				TARGETED_DEVICE_FAMILY = "1,2";
			};
			name = Debug;
		};
		AE3EA05D2A344A2100F39920 /* Release */ = {
			isa = XCBuildConfiguration;
			buildSettings = {
				ASSETCATALOG_COMPILER_APPICON_NAME = AppIcon;
				ASSETCATALOG_COMPILER_GLOBAL_ACCENT_COLOR_NAME = AccentColor;
				CODE_SIGN_STYLE = Automatic;
				CURRENT_PROJECT_VERSION = 1;
				DEVELOPMENT_ASSET_PATHS = "\"ViewBuilderResearch/Preview Content\"";
				DEVELOPMENT_TEAM = G2GXLBS9Z3;
				ENABLE_PREVIEWS = YES;
				GENERATE_INFOPLIST_FILE = YES;
				INFOPLIST_KEY_UIApplicationSceneManifest_Generation = YES;
				INFOPLIST_KEY_UIApplicationSupportsIndirectInputEvents = YES;
				INFOPLIST_KEY_UILaunchScreen_Generation = YES;
				INFOPLIST_KEY_UISupportedInterfaceOrientations_iPad = "UIInterfaceOrientationPortrait UIInterfaceOrientationPortraitUpsideDown UIInterfaceOrientationLandscapeLeft UIInterfaceOrientationLandscapeRight";
				INFOPLIST_KEY_UISupportedInterfaceOrientations_iPhone = "UIInterfaceOrientationPortrait UIInterfaceOrientationLandscapeLeft UIInterfaceOrientationLandscapeRight";
				LD_RUNPATH_SEARCH_PATHS = (
					"$(inherited)",
					"@executable_path/Frameworks",
				);
				MARKETING_VERSION = 1.0;
				PRODUCT_BUNDLE_IDENTIFIER = com.kyeoeol.ViewBuilderResearch;
				PRODUCT_NAME = "$(TARGET_NAME)";
				SWIFT_EMIT_LOC_STRINGS = YES;
				SWIFT_VERSION = 5.0;
				TARGETED_DEVICE_FAMILY = "1,2";
			};
			name = Release;
		};
/* End XCBuildConfiguration section */

/* Begin XCConfigurationList section */
		AE3EA0482A344A2000F39920 /* Build configuration list for PBXProject "ViewBuilderResearch" */ = {
			isa = XCConfigurationList;
			buildConfigurations = (
				AE3EA0592A344A2100F39920 /* Debug */,
				AE3EA05A2A344A2100F39920 /* Release */,
			);
			defaultConfigurationIsVisible = 0;
			defaultConfigurationName = Release;
		};
		AE3EA05B2A344A2100F39920 /* Build configuration list for PBXNativeTarget "ViewBuilderResearch" */ = {
			isa = XCConfigurationList;
			buildConfigurations = (
				AE3EA05C2A344A2100F39920 /* Debug */,
				AE3EA05D2A344A2100F39920 /* Release */,
			);
			defaultConfigurationIsVisible = 0;
			defaultConfigurationName = Release;
		};
/* End XCConfigurationList section */
	};
	rootObject = AE3EA0452A344A2000F39920 /* Project object */;
}
