// !$*UTF8*$!
{
	archiveVersion = 1;
	classes = {
	};
	objectVersion = 56;
	objects = {

/* Begin PBXBuildFile section */
		AE6E11222A3572A000077BA7 /* ViewBuilderView.swift in Sources */ = {isa = PBXBuildFile; fileRef = AE6E11072A3572A000077BA7 /* ViewBuilderView.swift */; };
		AE6E11232A3572A000077BA7 /* AttributedTextBuilder.swift in Sources */ = {isa = PBXBuildFile; fileRef = AE6E11092A3572A000077BA7 /* AttributedTextBuilder.swift */; };
		AE6E11242A3572A000077BA7 /* AttributedStringBuilder.swift in Sources */ = {isa = PBXBuildFile; fileRef = AE6E110A2A3572A000077BA7 /* AttributedStringBuilder.swift */; };
		AE6E11252A3572A000077BA7 /* Assets.xcassets in Resources */ = {isa = PBXBuildFile; fileRef = AE6E110B2A3572A000077BA7 /* Assets.xcassets */; };
		AE6E11262A3572A000077BA7 /* Paragraph.swift in Sources */ = {isa = PBXBuildFile; fileRef = AE6E110D2A3572A000077BA7 /* Paragraph.swift */; };
		AE6E11272A3572A000077BA7 /* Container.swift in Sources */ = {isa = PBXBuildFile; fileRef = AE6E110E2A3572A000077BA7 /* Container.swift */; };
		AE6E11282A3572A000077BA7 /* Preview Assets.xcassets in Resources */ = {isa = PBXBuildFile; fileRef = AE6E11102A3572A000077BA7 /* Preview Assets.xcassets */; };
		AE6E11292A3572A000077BA7 /* AttributedString+Modfiers.swift in Sources */ = {isa = PBXBuildFile; fileRef = AE6E11122A3572A000077BA7 /* AttributedString+Modfiers.swift */; };
		AE6E112A2A3572A000077BA7 /* String+Modifiers.swift in Sources */ = {isa = PBXBuildFile; fileRef = AE6E11132A3572A000077BA7 /* String+Modifiers.swift */; };
		AE6E112B2A3572A000077BA7 /* ViewBuilderResearchApp.swift in Sources */ = {isa = PBXBuildFile; fileRef = AE6E11142A3572A000077BA7 /* ViewBuilderResearchApp.swift */; };
		AE6E112C2A3572A000077BA7 /* AttributedTextBuilderView.swift in Sources */ = {isa = PBXBuildFile; fileRef = AE6E11162A3572A000077BA7 /* AttributedTextBuilderView.swift */; };
		AE6E112D2A3572A000077BA7 /* ContentView.swift in Sources */ = {isa = PBXBuildFile; fileRef = AE6E11172A3572A000077BA7 /* ContentView.swift */; };
		AE6E112E2A3572A000077BA7 /* AttributedText.swift in Sources */ = {isa = PBXBuildFile; fileRef = AE6E11192A3572A000077BA7 /* AttributedText.swift */; };
		AE6E112F2A3572A000077BA7 /* BuilderTranslationLogicView.swift in Sources */ = {isa = PBXBuildFile; fileRef = AE6E111B2A3572A000077BA7 /* BuilderTranslationLogicView.swift */; };
		AE6E11302A3572A000077BA7 /* AttributedStringBuilderView.swift in Sources */ = {isa = PBXBuildFile; fileRef = AE6E111C2A3572A000077BA7 /* AttributedStringBuilderView.swift */; };
		AE6E11312A3572A000077BA7 /* BuildEitherView.swift in Sources */ = {isa = PBXBuildFile; fileRef = AE6E111D2A3572A000077BA7 /* BuildEitherView.swift */; };
		AE6E11322A3572A000077BA7 /* BuildArrayView.swift in Sources */ = {isa = PBXBuildFile; fileRef = AE6E111E2A3572A000077BA7 /* BuildArrayView.swift */; };
		AE6E11332A3572A000077BA7 /* BuildOptionalView.swift in Sources */ = {isa = PBXBuildFile; fileRef = AE6E111F2A3572A000077BA7 /* BuildOptionalView.swift */; };
		AE6E11342A3572A000077BA7 /* BuildLimitedAvailabilityView.swift in Sources */ = {isa = PBXBuildFile; fileRef = AE6E11202A3572A000077BA7 /* BuildLimitedAvailabilityView.swift */; };
		AE6E11352A3572A000077BA7 /* BuildFinalResultView.swift in Sources */ = {isa = PBXBuildFile; fileRef = AE6E11212A3572A000077BA7 /* BuildFinalResultView.swift */; };
/* End PBXBuildFile section */

/* Begin PBXFileReference section */
		AE22B7542A345B4900044CCF /* ResultBuilder.playground */ = {isa = PBXFileReference; lastKnownFileType = file.playground; path = ResultBuilder.playground; sourceTree = "<group>"; xcLanguageSpecificationIdentifier = xcode.lang.swift; };
		AE3EA04D2A344A2000F39920 /* ResultBuilderResearch.app */ = {isa = PBXFileReference; explicitFileType = wrapper.application; includeInIndex = 0; path = ResultBuilderResearch.app; sourceTree = BUILT_PRODUCTS_DIR; };
		AE6E11072A3572A000077BA7 /* ViewBuilderView.swift */ = {isa = PBXFileReference; fileEncoding = 4; lastKnownFileType = sourcecode.swift; path = ViewBuilderView.swift; sourceTree = "<group>"; };
		AE6E11092A3572A000077BA7 /* AttributedTextBuilder.swift */ = {isa = PBXFileReference; fileEncoding = 4; lastKnownFileType = sourcecode.swift; path = AttributedTextBuilder.swift; sourceTree = "<group>"; };
		AE6E110A2A3572A000077BA7 /* AttributedStringBuilder.swift */ = {isa = PBXFileReference; fileEncoding = 4; lastKnownFileType = sourcecode.swift; path = AttributedStringBuilder.swift; sourceTree = "<group>"; };
		AE6E110B2A3572A000077BA7 /* Assets.xcassets */ = {isa = PBXFileReference; lastKnownFileType = folder.assetcatalog; path = Assets.xcassets; sourceTree = "<group>"; };
		AE6E110D2A3572A000077BA7 /* Paragraph.swift */ = {isa = PBXFileReference; fileEncoding = 4; lastKnownFileType = sourcecode.swift; path = Paragraph.swift; sourceTree = "<group>"; };
		AE6E110E2A3572A000077BA7 /* Container.swift */ = {isa = PBXFileReference; fileEncoding = 4; lastKnownFileType = sourcecode.swift; path = Container.swift; sourceTree = "<group>"; };
		AE6E11102A3572A000077BA7 /* Preview Assets.xcassets */ = {isa = PBXFileReference; lastKnownFileType = folder.assetcatalog; path = "Preview Assets.xcassets"; sourceTree = "<group>"; };
		AE6E11122A3572A000077BA7 /* AttributedString+Modfiers.swift */ = {isa = PBXFileReference; fileEncoding = 4; lastKnownFileType = sourcecode.swift; path = "AttributedString+Modfiers.swift"; sourceTree = "<group>"; };
		AE6E11132A3572A000077BA7 /* String+Modifiers.swift */ = {isa = PBXFileReference; fileEncoding = 4; lastKnownFileType = sourcecode.swift; path = "String+Modifiers.swift"; sourceTree = "<group>"; };
		AE6E11142A3572A000077BA7 /* ViewBuilderResearchApp.swift */ = {isa = PBXFileReference; fileEncoding = 4; lastKnownFileType = sourcecode.swift; path = ViewBuilderResearchApp.swift; sourceTree = "<group>"; };
		AE6E11162A3572A000077BA7 /* AttributedTextBuilderView.swift */ = {isa = PBXFileReference; fileEncoding = 4; lastKnownFileType = sourcecode.swift; path = AttributedTextBuilderView.swift; sourceTree = "<group>"; };
		AE6E11172A3572A000077BA7 /* ContentView.swift */ = {isa = PBXFileReference; fileEncoding = 4; lastKnownFileType = sourcecode.swift; path = ContentView.swift; sourceTree = "<group>"; };
		AE6E11192A3572A000077BA7 /* AttributedText.swift */ = {isa = PBXFileReference; fileEncoding = 4; lastKnownFileType = sourcecode.swift; path = AttributedText.swift; sourceTree = "<group>"; };
		AE6E111B2A3572A000077BA7 /* BuilderTranslationLogicView.swift */ = {isa = PBXFileReference; fileEncoding = 4; lastKnownFileType = sourcecode.swift; path = BuilderTranslationLogicView.swift; sourceTree = "<group>"; };
		AE6E111C2A3572A000077BA7 /* AttributedStringBuilderView.swift */ = {isa = PBXFileReference; fileEncoding = 4; lastKnownFileType = sourcecode.swift; path = AttributedStringBuilderView.swift; sourceTree = "<group>"; };
		AE6E111D2A3572A000077BA7 /* BuildEitherView.swift */ = {isa = PBXFileReference; fileEncoding = 4; lastKnownFileType = sourcecode.swift; path = BuildEitherView.swift; sourceTree = "<group>"; };
		AE6E111E2A3572A000077BA7 /* BuildArrayView.swift */ = {isa = PBXFileReference; fileEncoding = 4; lastKnownFileType = sourcecode.swift; path = BuildArrayView.swift; sourceTree = "<group>"; };
		AE6E111F2A3572A000077BA7 /* BuildOptionalView.swift */ = {isa = PBXFileReference; fileEncoding = 4; lastKnownFileType = sourcecode.swift; path = BuildOptionalView.swift; sourceTree = "<group>"; };
		AE6E11202A3572A000077BA7 /* BuildLimitedAvailabilityView.swift */ = {isa = PBXFileReference; fileEncoding = 4; lastKnownFileType = sourcecode.swift; path = BuildLimitedAvailabilityView.swift; sourceTree = "<group>"; };
		AE6E11212A3572A000077BA7 /* BuildFinalResultView.swift */ = {isa = PBXFileReference; fileEncoding = 4; lastKnownFileType = sourcecode.swift; path = BuildFinalResultView.swift; sourceTree = "<group>"; };
/* End PBXFileReference section */

/* Begin PBXFrameworksBuildPhase section */
		AE3EA04A2A344A2000F39920 /* Frameworks */ = {
			isa = PBXFrameworksBuildPhase;
			buildActionMask = 2147483647;
			files = (
			);
			runOnlyForDeploymentPostprocessing = 0;
		};
/* End PBXFrameworksBuildPhase section */

/* Begin PBXGroup section */
		AE3EA0442A344A2000F39920 = {
			isa = PBXGroup;
			children = (
				AE22B7542A345B4900044CCF /* ResultBuilder.playground */,
				AE6E11062A3572A000077BA7 /* ResultBuilderResearch */,
				AE3EA04E2A344A2000F39920 /* Products */,
			);
			sourceTree = "<group>";
		};
		AE3EA04E2A344A2000F39920 /* Products */ = {
			isa = PBXGroup;
			children = (
				AE3EA04D2A344A2000F39920 /* ResultBuilderResearch.app */,
			);
			name = Products;
			sourceTree = "<group>";
		};
		AE6E11062A3572A000077BA7 /* ResultBuilderResearch */ = {
			isa = PBXGroup;
			children = (
				AE6E11112A3572A000077BA7 /* Extensions */,
				AE6E110C2A3572A000077BA7 /* Utils */,
				AE6E11182A3572A000077BA7 /* Protocols */,
				AE6E11082A3572A000077BA7 /* ResultBuilders */,
				AE6E11142A3572A000077BA7 /* ViewBuilderResearchApp.swift */,
				AE6E11172A3572A000077BA7 /* ContentView.swift */,
				AE6E11072A3572A000077BA7 /* ViewBuilderView.swift */,
				AE6E111A2A3572A000077BA7 /* AttributedStringBuilderScene */,
				AE6E11152A3572A000077BA7 /* AttributedTextBuilderScene */,
				AE6E110B2A3572A000077BA7 /* Assets.xcassets */,
				AE6E110F2A3572A000077BA7 /* Preview Content */,
			);
			path = ResultBuilderResearch;
			sourceTree = "<group>";
		};
		AE6E11082A3572A000077BA7 /* ResultBuilders */ = {
			isa = PBXGroup;
			children = (
				AE6E11092A3572A000077BA7 /* AttributedTextBuilder.swift */,
				AE6E110A2A3572A000077BA7 /* AttributedStringBuilder.swift */,
			);
			path = ResultBuilders;
			sourceTree = "<group>";
		};
		AE6E110C2A3572A000077BA7 /* Utils */ = {
			isa = PBXGroup;
			children = (
				AE6E110D2A3572A000077BA7 /* Paragraph.swift */,
				AE6E110E2A3572A000077BA7 /* Container.swift */,
			);
			path = Utils;
			sourceTree = "<group>";
		};
		AE6E110F2A3572A000077BA7 /* Preview Content */ = {
			isa = PBXGroup;
			children = (
				AE6E11102A3572A000077BA7 /* Preview Assets.xcassets */,
			);
			path = "Preview Content";
			sourceTree = "<group>";
		};
		AE6E11112A3572A000077BA7 /* Extensions */ = {
			isa = PBXGroup;
			children = (
				AE6E11122A3572A000077BA7 /* AttributedString+Modfiers.swift */,
				AE6E11132A3572A000077BA7 /* String+Modifiers.swift */,
			);
			path = Extensions;
			sourceTree = "<group>";
		};
		AE6E11152A3572A000077BA7 /* AttributedTextBuilderScene */ = {
			isa = PBXGroup;
			children = (
				AE6E11162A3572A000077BA7 /* AttributedTextBuilderView.swift */,
			);
			path = AttributedTextBuilderScene;
			sourceTree = "<group>";
		};
		AE6E11182A3572A000077BA7 /* Protocols */ = {
			isa = PBXGroup;
			children = (
				AE6E11192A3572A000077BA7 /* AttributedText.swift */,
			);
			path = Protocols;
			sourceTree = "<group>";
		};
		AE6E111A2A3572A000077BA7 /* AttributedStringBuilderScene */ = {
			isa = PBXGroup;
			children = (
				AE6E111B2A3572A000077BA7 /* BuilderTranslationLogicView.swift */,
				AE6E111C2A3572A000077BA7 /* AttributedStringBuilderView.swift */,
				AE6E111D2A3572A000077BA7 /* BuildEitherView.swift */,
				AE6E111E2A3572A000077BA7 /* BuildArrayView.swift */,
				AE6E111F2A3572A000077BA7 /* BuildOptionalView.swift */,
				AE6E11202A3572A000077BA7 /* BuildLimitedAvailabilityView.swift */,
				AE6E11212A3572A000077BA7 /* BuildFinalResultView.swift */,
			);
			path = AttributedStringBuilderScene;
			sourceTree = "<group>";
		};
/* End PBXGroup section */

/* Begin PBXNativeTarget section */
		AE3EA04C2A344A2000F39920 /* ResultBuilderResearch */ = {
			isa = PBXNativeTarget;
			buildConfigurationList = AE3EA05B2A344A2100F39920 /* Build configuration list for PBXNativeTarget "ResultBuilderResearch" */;
			buildPhases = (
				AE3EA0492A344A2000F39920 /* Sources */,
				AE3EA04A2A344A2000F39920 /* Frameworks */,
				AE3EA04B2A344A2000F39920 /* Resources */,
			);
			buildRules = (
			);
			dependencies = (
			);
			name = ResultBuilderResearch;
			productName = ViewBuilderResearch;
			productReference = AE3EA04D2A344A2000F39920 /* ResultBuilderResearch.app */;
			productType = "com.apple.product-type.application";
		};
/* End PBXNativeTarget section */

/* Begin PBXProject section */
		AE3EA0452A344A2000F39920 /* Project object */ = {
			isa = PBXProject;
			attributes = {
				BuildIndependentTargetsInParallel = 1;
				LastSwiftUpdateCheck = 1430;
				LastUpgradeCheck = 1430;
				TargetAttributes = {
					AE3EA04C2A344A2000F39920 = {
						CreatedOnToolsVersion = 14.3;
					};
				};
			};
			buildConfigurationList = AE3EA0482A344A2000F39920 /* Build configuration list for PBXProject "ResultBuilderResearch" */;
			compatibilityVersion = "Xcode 14.0";
			developmentRegion = en;
			hasScannedForEncodings = 0;
			knownRegions = (
				en,
				Base,
			);
			mainGroup = AE3EA0442A344A2000F39920;
			productRefGroup = AE3EA04E2A344A2000F39920 /* Products */;
			projectDirPath = "";
			projectRoot = "";
			targets = (
				AE3EA04C2A344A2000F39920 /* ResultBuilderResearch */,
			);
		};
/* End PBXProject section */

/* Begin PBXResourcesBuildPhase section */
		AE3EA04B2A344A2000F39920 /* Resources */ = {
			isa = PBXResourcesBuildPhase;
			buildActionMask = 2147483647;
			files = (
				AE6E11282A3572A000077BA7 /* Preview Assets.xcassets in Resources */,
				AE6E11252A3572A000077BA7 /* Assets.xcassets in Resources */,
			);
			runOnlyForDeploymentPostprocessing = 0;
		};
/* End PBXResourcesBuildPhase section */

/* Begin PBXSourcesBuildPhase section */
		AE3EA0492A344A2000F39920 /* Sources */ = {
			isa = PBXSourcesBuildPhase;
			buildActionMask = 2147483647;
			files = (
				AE6E112D2A3572A000077BA7 /* ContentView.swift in Sources */,
				AE6E112F2A3572A000077BA7 /* BuilderTranslationLogicView.swift in Sources */,
				AE6E11302A3572A000077BA7 /* AttributedStringBuilderView.swift in Sources */,
				AE6E112C2A3572A000077BA7 /* AttributedTextBuilderView.swift in Sources */,
				AE6E11262A3572A000077BA7 /* Paragraph.swift in Sources */,
				AE6E112E2A3572A000077BA7 /* AttributedText.swift in Sources */,
				AE6E11232A3572A000077BA7 /* AttributedTextBuilder.swift in Sources */,
				AE6E11242A3572A000077BA7 /* AttributedStringBuilder.swift in Sources */,
				AE6E11352A3572A000077BA7 /* BuildFinalResultView.swift in Sources */,
				AE6E11222A3572A000077BA7 /* ViewBuilderView.swift in Sources */,
				AE6E11292A3572A000077BA7 /* AttributedString+Modfiers.swift in Sources */,
				AE6E112B2A3572A000077BA7 /* ViewBuilderResearchApp.swift in Sources */,
				AE6E11272A3572A000077BA7 /* Container.swift in Sources */,
				AE6E11312A3572A000077BA7 /* BuildEitherView.swift in Sources */,
				AE6E112A2A3572A000077BA7 /* String+Modifiers.swift in Sources */,
				AE6E11332A3572A000077BA7 /* BuildOptionalView.swift in Sources */,
				AE6E11322A3572A000077BA7 /* BuildArrayView.swift in Sources */,
				AE6E11342A3572A000077BA7 /* BuildLimitedAvailabilityView.swift in Sources */,
			);
			runOnlyForDeploymentPostprocessing = 0;
		};
/* End PBXSourcesBuildPhase section */

/* Begin XCBuildConfiguration section */
		AE3EA0592A344A2100F39920 /* Debug */ = {
			isa = XCBuildConfiguration;
			buildSettings = {
				ALWAYS_SEARCH_USER_PATHS = NO;
				CLANG_ANALYZER_NONNULL = YES;
				CLANG_ANALYZER_NUMBER_OBJECT_CONVERSION = YES_AGGRESSIVE;
				CLANG_CXX_LANGUAGE_STANDARD = "gnu++20";
				CLANG_ENABLE_MODULES = YES;
				CLANG_ENABLE_OBJC_ARC = YES;
				CLANG_ENABLE_OBJC_WEAK = YES;
				CLANG_WARN_BLOCK_CAPTURE_AUTORELEASING = YES;
				CLANG_WARN_BOOL_CONVERSION = YES;
				CLANG_WARN_COMMA = YES;
				CLANG_WARN_CONSTANT_CONVERSION = YES;
				CLANG_WARN_DEPRECATED_OBJC_IMPLEMENTATIONS = YES;
				CLANG_WARN_DIRECT_OBJC_ISA_USAGE = YES_ERROR;
				CLANG_WARN_DOCUMENTATION_COMMENTS = YES;
				CLANG_WARN_EMPTY_BODY = YES;
				CLANG_WARN_ENUM_CONVERSION = YES;
				CLANG_WARN_INFINITE_RECURSION = YES;
				CLANG_WARN_INT_CONVERSION = YES;
				CLANG_WARN_NON_LITERAL_NULL_CONVERSION = YES;
				CLANG_WARN_OBJC_IMPLICIT_RETAIN_SELF = YES;
				CLANG_WARN_OBJC_LITERAL_CONVERSION = YES;
				CLANG_WARN_OBJC_ROOT_CLASS = YES_ERROR;
				CLANG_WARN_QUOTED_INCLUDE_IN_FRAMEWORK_HEADER = YES;
				CLANG_WARN_RANGE_LOOP_ANALYSIS = YES;
				CLANG_WARN_STRICT_PROTOTYPES = YES;
				CLANG_WARN_SUSPICIOUS_MOVE = YES;
				CLANG_WARN_UNGUARDED_AVAILABILITY = YES_AGGRESSIVE;
				CLANG_WARN_UNREACHABLE_CODE = YES;
				CLANG_WARN__DUPLICATE_METHOD_MATCH = YES;
				COPY_PHASE_STRIP = NO;
				DEBUG_INFORMATION_FORMAT = dwarf;
				ENABLE_STRICT_OBJC_MSGSEND = YES;
				ENABLE_TESTABILITY = YES;
				GCC_C_LANGUAGE_STANDARD = gnu11;
				GCC_DYNAMIC_NO_PIC = NO;
				GCC_NO_COMMON_BLOCKS = YES;
				GCC_OPTIMIZATION_LEVEL = 0;
				GCC_PREPROCESSOR_DEFINITIONS = (
					"DEBUG=1",
					"$(inherited)",
				);
				GCC_WARN_64_TO_32_BIT_CONVERSION = YES;
				GCC_WARN_ABOUT_RETURN_TYPE = YES_ERROR;
				GCC_WARN_UNDECLARED_SELECTOR = YES;
				GCC_WARN_UNINITIALIZED_AUTOS = YES_AGGRESSIVE;
				GCC_WARN_UNUSED_FUNCTION = YES;
				GCC_WARN_UNUSED_VARIABLE = YES;
				IPHONEOS_DEPLOYMENT_TARGET = 16.4;
				MTL_ENABLE_DEBUG_INFO = INCLUDE_SOURCE;
				MTL_FAST_MATH = YES;
				ONLY_ACTIVE_ARCH = YES;
				SDKROOT = iphoneos;
				SWIFT_ACTIVE_COMPILATION_CONDITIONS = DEBUG;
				SWIFT_OPTIMIZATION_LEVEL = "-Onone";
			};
			name = Debug;
		};
		AE3EA05A2A344A2100F39920 /* Release */ = {
			isa = XCBuildConfiguration;
			buildSettings = {
				ALWAYS_SEARCH_USER_PATHS = NO;
				CLANG_ANALYZER_NONNULL = YES;
				CLANG_ANALYZER_NUMBER_OBJECT_CONVERSION = YES_AGGRESSIVE;
				CLANG_CXX_LANGUAGE_STANDARD = "gnu++20";
				CLANG_ENABLE_MODULES = YES;
				CLANG_ENABLE_OBJC_ARC = YES;
				CLANG_ENABLE_OBJC_WEAK = YES;
				CLANG_WARN_BLOCK_CAPTURE_AUTORELEASING = YES;
				CLANG_WARN_BOOL_CONVERSION = YES;
				CLANG_WARN_COMMA = YES;
				CLANG_WARN_CONSTANT_CONVERSION = YES;
				CLANG_WARN_DEPRECATED_OBJC_IMPLEMENTATIONS = YES;
				CLANG_WARN_DIRECT_OBJC_ISA_USAGE = YES_ERROR;
				CLANG_WARN_DOCUMENTATION_COMMENTS = YES;
				CLANG_WARN_EMPTY_BODY = YES;
				CLANG_WARN_ENUM_CONVERSION = YES;
				CLANG_WARN_INFINITE_RECURSION = YES;
				CLANG_WARN_INT_CONVERSION = YES;
				CLANG_WARN_NON_LITERAL_NULL_CONVERSION = YES;
				CLANG_WARN_OBJC_IMPLICIT_RETAIN_SELF = YES;
				CLANG_WARN_OBJC_LITERAL_CONVERSION = YES;
				CLANG_WARN_OBJC_ROOT_CLASS = YES_ERROR;
				CLANG_WARN_QUOTED_INCLUDE_IN_FRAMEWORK_HEADER = YES;
				CLANG_WARN_RANGE_LOOP_ANALYSIS = YES;
				CLANG_WARN_STRICT_PROTOTYPES = YES;
				CLANG_WARN_SUSPICIOUS_MOVE = YES;
				CLANG_WARN_UNGUARDED_AVAILABILITY = YES_AGGRESSIVE;
				CLANG_WARN_UNREACHABLE_CODE = YES;
				CLANG_WARN__DUPLICATE_METHOD_MATCH = YES;
				COPY_PHASE_STRIP = NO;
				DEBUG_INFORMATION_FORMAT = "dwarf-with-dsym";
				ENABLE_NS_ASSERTIONS = NO;
				ENABLE_STRICT_OBJC_MSGSEND = YES;
				GCC_C_LANGUAGE_STANDARD = gnu11;
				GCC_NO_COMMON_BLOCKS = YES;
				GCC_WARN_64_TO_32_BIT_CONVERSION = YES;
				GCC_WARN_ABOUT_RETURN_TYPE = YES_ERROR;
				GCC_WARN_UNDECLARED_SELECTOR = YES;
				GCC_WARN_UNINITIALIZED_AUTOS = YES_AGGRESSIVE;
				GCC_WARN_UNUSED_FUNCTION = YES;
				GCC_WARN_UNUSED_VARIABLE = YES;
				IPHONEOS_DEPLOYMENT_TARGET = 16.4;
				MTL_ENABLE_DEBUG_INFO = NO;
				MTL_FAST_MATH = YES;
				SDKROOT = iphoneos;
				SWIFT_COMPILATION_MODE = wholemodule;
				SWIFT_OPTIMIZATION_LEVEL = "-O";
				VALIDATE_PRODUCT = YES;
			};
			name = Release;
		};
		AE3EA05C2A344A2100F39920 /* Debug */ = {
			isa = XCBuildConfiguration;
			buildSettings = {
				ASSETCATALOG_COMPILER_APPICON_NAME = AppIcon;
				ASSETCATALOG_COMPILER_GLOBAL_ACCENT_COLOR_NAME = AccentColor;
				CODE_SIGN_STYLE = Automatic;
				CURRENT_PROJECT_VERSION = 1;
				DEVELOPMENT_ASSET_PATHS = "\"ResultBuilderResearch/Preview Content\"";
				DEVELOPMENT_TEAM = G2GXLBS9Z3;
				ENABLE_PREVIEWS = YES;
				GENERATE_INFOPLIST_FILE = YES;
				INFOPLIST_KEY_UIApplicationSceneManifest_Generation = YES;
				INFOPLIST_KEY_UIApplicationSupportsIndirectInputEvents = YES;
				INFOPLIST_KEY_UILaunchScreen_Generation = YES;
				INFOPLIST_KEY_UISupportedInterfaceOrientations = UIInterfaceOrientationPortrait;
				INFOPLIST_KEY_UISupportedInterfaceOrientations_iPad = "UIInterfaceOrientationLandscapeLeft UIInterfaceOrientationLandscapeRight UIInterfaceOrientationPortrait UIInterfaceOrientationPortraitUpsideDown";
				LD_RUNPATH_SEARCH_PATHS = (
					"$(inherited)",
					"@executable_path/Frameworks",
				);
				MARKETING_VERSION = 1.0;
				PRODUCT_BUNDLE_IDENTIFIER = com.kyeoeol.ResultBuilderResearch;
				PRODUCT_NAME = "$(TARGET_NAME)";
				SUPPORTED_PLATFORMS = "iphoneos iphonesimulator";
				SUPPORTS_MACCATALYST = NO;
				SUPPORTS_MAC_DESIGNED_FOR_IPHONE_IPAD = NO;
				SWIFT_EMIT_LOC_STRINGS = YES;
				SWIFT_VERSION = 5.0;
				TARGETED_DEVICE_FAMILY = 1;
			};
			name = Debug;
		};
		AE3EA05D2A344A2100F39920 /* Release */ = {
			isa = XCBuildConfiguration;
			buildSettings = {
				ASSETCATALOG_COMPILER_APPICON_NAME = AppIcon;
				ASSETCATALOG_COMPILER_GLOBAL_ACCENT_COLOR_NAME = AccentColor;
				CODE_SIGN_STYLE = Automatic;
				CURRENT_PROJECT_VERSION = 1;
				DEVELOPMENT_ASSET_PATHS = "\"ResultBuilderResearch/Preview Content\"";
				DEVELOPMENT_TEAM = G2GXLBS9Z3;
				ENABLE_PREVIEWS = YES;
				GENERATE_INFOPLIST_FILE = YES;
				INFOPLIST_KEY_UIApplicationSceneManifest_Generation = YES;
				INFOPLIST_KEY_UIApplicationSupportsIndirectInputEvents = YES;
				INFOPLIST_KEY_UILaunchScreen_Generation = YES;
				INFOPLIST_KEY_UISupportedInterfaceOrientations = UIInterfaceOrientationPortrait;
				INFOPLIST_KEY_UISupportedInterfaceOrientations_iPad = "UIInterfaceOrientationLandscapeLeft UIInterfaceOrientationLandscapeRight UIInterfaceOrientationPortrait UIInterfaceOrientationPortraitUpsideDown";
				LD_RUNPATH_SEARCH_PATHS = (
					"$(inherited)",
					"@executable_path/Frameworks",
				);
				MARKETING_VERSION = 1.0;
				PRODUCT_BUNDLE_IDENTIFIER = com.kyeoeol.ResultBuilderResearch;
				PRODUCT_NAME = "$(TARGET_NAME)";
				SUPPORTED_PLATFORMS = "iphoneos iphonesimulator";
				SUPPORTS_MACCATALYST = NO;
				SUPPORTS_MAC_DESIGNED_FOR_IPHONE_IPAD = NO;
				SWIFT_EMIT_LOC_STRINGS = YES;
				SWIFT_VERSION = 5.0;
				TARGETED_DEVICE_FAMILY = 1;
			};
			name = Release;
		};
/* End XCBuildConfiguration section */

/* Begin XCConfigurationList section */
		AE3EA0482A344A2000F39920 /* Build configuration list for PBXProject "ResultBuilderResearch" */ = {
			isa = XCConfigurationList;
			buildConfigurations = (
				AE3EA0592A344A2100F39920 /* Debug */,
				AE3EA05A2A344A2100F39920 /* Release */,
			);
			defaultConfigurationIsVisible = 0;
			defaultConfigurationName = Release;
		};
		AE3EA05B2A344A2100F39920 /* Build configuration list for PBXNativeTarget "ResultBuilderResearch" */ = {
			isa = XCConfigurationList;
			buildConfigurations = (
				AE3EA05C2A344A2100F39920 /* Debug */,
				AE3EA05D2A344A2100F39920 /* Release */,
			);
			defaultConfigurationIsVisible = 0;
			defaultConfigurationName = Release;
		};
/* End XCConfigurationList section */
	};
	rootObject = AE3EA0452A344A2000F39920 /* Project object */;
}
